
Microsoft Visual Studio Solution File, Format Version 12.00
# Visual Studio 2015
Project("{FAE04EC0-301F-11D3-BF4B-00C04F79EFBC}") = "MobileRunner.CSharp", "MobileRunner.CSharp.csproj", "{92F10F12-2B00-C999-16D5-E9F832D2680A}"
EndProject
Global
	GlobalSection(SolutionConfigurationPlatforms) = preSolution
		Debug|Any CPU = Debug|Any CPU
		Release|Any CPU = Release|Any CPU
	EndGlobalSection
	GlobalSection(ProjectConfigurationPlatforms) = postSolution
		{92F10F12-2B00-C999-16D5-E9F832D2680A}.Debug|Any CPU.ActiveCfg = Debug|Any CPU
		{92F10F12-2B00-C999-16D5-E9F832D2680A}.Debug|Any CPU.Build.0 = Debug|Any CPU
		{92F10F12-2B00-C999-16D5-E9F832D2680A}.Release|Any CPU.ActiveCfg = Release|Any CPU
		{92F10F12-2B00-C999-16D5-E9F832D2680A}.Release|Any CPU.Build.0 = Release|Any CPU
	EndGlobalSection
	GlobalSection(SolutionProperties) = preSolution
		HideSolutionNode = FALSE
	EndGlobalSection
EndGlobal
